
Microsoft Visual Studio Solution File, Format Version 12.00
# Visual Studio 15
VisualStudioVersion = 15.0.27703.2042
MinimumVisualStudioVersion = 10.0.40219.1
Project("{FAE04EC0-301F-11D3-BF4B-00C04F79EFBC}") = "TEstTeam", "TEstTeam\TEstTeam.csproj", "{E5452FAC-BA37-4837-94CD-9C53FA418AFE}"
EndProject
Global
	GlobalSection(SolutionConfigurationPlatforms) = preSolution
		Debug|Any CPU = Debug|Any CPU
		Release|Any CPU = Release|Any CPU
	EndGlobalSection
	GlobalSection(ProjectConfigurationPlatforms) = postSolution
		{E5452FAC-BA37-4837-94CD-9C53FA418AFE}.Debug|Any CPU.ActiveCfg = Debug|Any CPU
		{E5452FAC-BA37-4837-94CD-9C53FA418AFE}.Debug|Any CPU.Build.0 = Debug|Any CPU
		{E5452FAC-BA37-4837-94CD-9C53FA418AFE}.Release|Any CPU.ActiveCfg = Release|Any CPU
		{E5452FAC-BA37-4837-94CD-9C53FA418AFE}.Release|Any CPU.Build.0 = Release|Any CPU
	EndGlobalSection
	GlobalSection(SolutionProperties) = preSolution
		HideSolutionNode = FALSE
	EndGlobalSection
	GlobalSection(ExtensibilityGlobals) = postSolution
		SolutionGuid = {B82BB7E8-A5DA-4380-B040-D907D0C9B43F}
	EndGlobalSection
EndGlobal
